
Microsoft Visual Studio Solution File, Format Version 12.00
# Visual Studio 15
VisualStudioVersion = 15.0.26228.4
MinimumVisualStudioVersion = 10.0.40219.1
Project("{2150E333-8FDC-42A3-9474-1A3956D46DE8}") = "src", "src", "{55251DEB-2848-435A-874E-66E2FE1F47CE}"
EndProject
Project("{2150E333-8FDC-42A3-9474-1A3956D46DE8}") = "Solution Items", "Solution Items", "{87708521-40D1-4761-A76F-1145AB65DBC1}"
	ProjectSection(SolutionItems) = preProject
		global.json = global.json
	EndProjectSection
EndProject
Project("{9A19103F-16F7-4668-BE54-9A1E7A4F7556}") = "Carrinho", "src\Carrinho\Carrinho.csproj", "{09F52AB0-2AF1-42C1-8A80-0211BF6AAD1E}"
EndProject
Project("{9A19103F-16F7-4668-BE54-9A1E7A4F7556}") = "Carrinho.Core", "src\Carrinho.Core\Carrinho.Core.csproj", "{F8A99CE1-F7C9-4DF0-8836-AC10F4C232CC}"
EndProject
Project("{9A19103F-16F7-4668-BE54-9A1E7A4F7556}") = "Carrinho.Core.Test", "src\Carrinho.Core.Test\Carrinho.Core.Test.csproj", "{5DEB7B81-7D9F-4D4C-93DC-6778BB96A3CB}"
EndProject
Project("{2150E333-8FDC-42A3-9474-1A3956D46DE8}") = "Aulas", "Aulas", "{E95D23B8-0090-4021-B56D-014C879E2FFE}"
EndProject
Project("{9A19103F-16F7-4668-BE54-9A1E7A4F7556}") = "Aula1", "Aulas\Aula1\Aula1.csproj", "{E67AAB14-137E-4316-BDC5-BC9B9CD6C00F}"
EndProject
Project("{9A19103F-16F7-4668-BE54-9A1E7A4F7556}") = "Aula2", "Aulas\Aula2\Aula2.csproj", "{FD8C3AF5-C292-43EF-9A80-182E90AB232A}"
EndProject
Project("{9A19103F-16F7-4668-BE54-9A1E7A4F7556}") = "Aula3", "Aulas\Aula3\Aula3.csproj", "{A54DA936-3D08-4201-A71B-9ADB3B08A177}"
EndProject
Project("{9A19103F-16F7-4668-BE54-9A1E7A4F7556}") = "Aula4", "Aulas\Aula4\Aula4.csproj", "{C0848EA0-1F84-40DC-8FB4-1706F2A09004}"
EndProject
Project("{9A19103F-16F7-4668-BE54-9A1E7A4F7556}") = "Aula5", "Aulas\Aula5\Aula5.csproj", "{1855679C-657D-4FD9-A99D-A9FA9689AF67}"
EndProject
Project("{9A19103F-16F7-4668-BE54-9A1E7A4F7556}") = "Aluno", "Aulas\Aluno\Aluno.csproj", "{6D47DF4D-FB57-4335-9C08-0EA696B15615}"
EndProject
Project("{9A19103F-16F7-4668-BE54-9A1E7A4F7556}") = "Aula6", "Aulas\Aula6\Aula6.csproj", "{6C73BE22-72E3-4426-A9DA-E7A101B64FBB}"
EndProject
Global
	GlobalSection(SolutionConfigurationPlatforms) = preSolution
		Debug|Any CPU = Debug|Any CPU
		Release|Any CPU = Release|Any CPU
	EndGlobalSection
	GlobalSection(ProjectConfigurationPlatforms) = postSolution
		{09F52AB0-2AF1-42C1-8A80-0211BF6AAD1E}.Debug|Any CPU.ActiveCfg = Debug|Any CPU
		{09F52AB0-2AF1-42C1-8A80-0211BF6AAD1E}.Release|Any CPU.ActiveCfg = Release|Any CPU
		{09F52AB0-2AF1-42C1-8A80-0211BF6AAD1E}.Release|Any CPU.Build.0 = Release|Any CPU
		{F8A99CE1-F7C9-4DF0-8836-AC10F4C232CC}.Debug|Any CPU.ActiveCfg = Debug|Any CPU
		{F8A99CE1-F7C9-4DF0-8836-AC10F4C232CC}.Release|Any CPU.ActiveCfg = Release|Any CPU
		{F8A99CE1-F7C9-4DF0-8836-AC10F4C232CC}.Release|Any CPU.Build.0 = Release|Any CPU
		{5DEB7B81-7D9F-4D4C-93DC-6778BB96A3CB}.Debug|Any CPU.ActiveCfg = Debug|Any CPU
		{5DEB7B81-7D9F-4D4C-93DC-6778BB96A3CB}.Release|Any CPU.ActiveCfg = Release|Any CPU
		{5DEB7B81-7D9F-4D4C-93DC-6778BB96A3CB}.Release|Any CPU.Build.0 = Release|Any CPU
		{E67AAB14-137E-4316-BDC5-BC9B9CD6C00F}.Debug|Any CPU.ActiveCfg = Debug|Any CPU
		{E67AAB14-137E-4316-BDC5-BC9B9CD6C00F}.Release|Any CPU.ActiveCfg = Release|Any CPU
		{E67AAB14-137E-4316-BDC5-BC9B9CD6C00F}.Release|Any CPU.Build.0 = Release|Any CPU
		{FD8C3AF5-C292-43EF-9A80-182E90AB232A}.Debug|Any CPU.ActiveCfg = Debug|Any CPU
		{FD8C3AF5-C292-43EF-9A80-182E90AB232A}.Release|Any CPU.ActiveCfg = Release|Any CPU
		{FD8C3AF5-C292-43EF-9A80-182E90AB232A}.Release|Any CPU.Build.0 = Release|Any CPU
		{A54DA936-3D08-4201-A71B-9ADB3B08A177}.Debug|Any CPU.ActiveCfg = Debug|Any CPU
		{A54DA936-3D08-4201-A71B-9ADB3B08A177}.Release|Any CPU.ActiveCfg = Release|Any CPU
		{A54DA936-3D08-4201-A71B-9ADB3B08A177}.Release|Any CPU.Build.0 = Release|Any CPU
		{C0848EA0-1F84-40DC-8FB4-1706F2A09004}.Debug|Any CPU.ActiveCfg = Debug|Any CPU
		{C0848EA0-1F84-40DC-8FB4-1706F2A09004}.Release|Any CPU.ActiveCfg = Release|Any CPU
		{C0848EA0-1F84-40DC-8FB4-1706F2A09004}.Release|Any CPU.Build.0 = Release|Any CPU
		{1855679C-657D-4FD9-A99D-A9FA9689AF67}.Debug|Any CPU.ActiveCfg = Debug|Any CPU
		{1855679C-657D-4FD9-A99D-A9FA9689AF67}.Release|Any CPU.ActiveCfg = Release|Any CPU
		{1855679C-657D-4FD9-A99D-A9FA9689AF67}.Release|Any CPU.Build.0 = Release|Any CPU
		{6D47DF4D-FB57-4335-9C08-0EA696B15615}.Debug|Any CPU.ActiveCfg = Debug|Any CPU
		{6D47DF4D-FB57-4335-9C08-0EA696B15615}.Release|Any CPU.ActiveCfg = Release|Any CPU
		{6D47DF4D-FB57-4335-9C08-0EA696B15615}.Release|Any CPU.Build.0 = Release|Any CPU
		{6C73BE22-72E3-4426-A9DA-E7A101B64FBB}.Debug|Any CPU.ActiveCfg = Debug|Any CPU
		{6C73BE22-72E3-4426-A9DA-E7A101B64FBB}.Debug|Any CPU.Build.0 = Debug|Any CPU
		{6C73BE22-72E3-4426-A9DA-E7A101B64FBB}.Release|Any CPU.ActiveCfg = Release|Any CPU
		{6C73BE22-72E3-4426-A9DA-E7A101B64FBB}.Release|Any CPU.Build.0 = Release|Any CPU
	EndGlobalSection
	GlobalSection(SolutionProperties) = preSolution
		HideSolutionNode = FALSE
	EndGlobalSection
	GlobalSection(NestedProjects) = preSolution
		{09F52AB0-2AF1-42C1-8A80-0211BF6AAD1E} = {55251DEB-2848-435A-874E-66E2FE1F47CE}
		{F8A99CE1-F7C9-4DF0-8836-AC10F4C232CC} = {55251DEB-2848-435A-874E-66E2FE1F47CE}
		{5DEB7B81-7D9F-4D4C-93DC-6778BB96A3CB} = {55251DEB-2848-435A-874E-66E2FE1F47CE}
		{E67AAB14-137E-4316-BDC5-BC9B9CD6C00F} = {E95D23B8-0090-4021-B56D-014C879E2FFE}
		{FD8C3AF5-C292-43EF-9A80-182E90AB232A} = {E95D23B8-0090-4021-B56D-014C879E2FFE}
		{A54DA936-3D08-4201-A71B-9ADB3B08A177} = {E95D23B8-0090-4021-B56D-014C879E2FFE}
		{C0848EA0-1F84-40DC-8FB4-1706F2A09004} = {E95D23B8-0090-4021-B56D-014C879E2FFE}
		{1855679C-657D-4FD9-A99D-A9FA9689AF67} = {E95D23B8-0090-4021-B56D-014C879E2FFE}
		{6D47DF4D-FB57-4335-9C08-0EA696B15615} = {E95D23B8-0090-4021-B56D-014C879E2FFE}
		{6C73BE22-72E3-4426-A9DA-E7A101B64FBB} = {E95D23B8-0090-4021-B56D-014C879E2FFE}
	EndGlobalSection
EndGlobal
