
Microsoft Visual Studio Solution File, Format Version 12.00
# Visual Studio 15
VisualStudioVersion = 15.0.26228.4
MinimumVisualStudioVersion = 10.0.40219.1
Project("{2150E333-8FDC-42A3-9474-1A3956D46DE8}") = "src", "src", "{55251DEB-2848-435A-874E-66E2FE1F47CE}"
EndProject
Project("{2150E333-8FDC-42A3-9474-1A3956D46DE8}") = "Solution Items", "Solution Items", "{87708521-40D1-4761-A76F-1145AB65DBC1}"
	ProjectSection(SolutionItems) = preProject
		global.json = global.json
	EndProjectSection
EndProject
Project("{2150E333-8FDC-42A3-9474-1A3956D46DE8}") = "Aulas", "Aulas", "{E95D23B8-0090-4021-B56D-014C879E2FFE}"
EndProject
Project("{9A19103F-16F7-4668-BE54-9A1E7A4F7556}") = "Aula6", "Aulas\Aula6\Aula6.csproj", "{6C73BE22-72E3-4426-A9DA-E7A101B64FBB}"
EndProject
Global
	GlobalSection(SolutionConfigurationPlatforms) = preSolution
		Debug|Any CPU = Debug|Any CPU
		Release|Any CPU = Release|Any CPU
	EndGlobalSection
	GlobalSection(ProjectConfigurationPlatforms) = postSolution
		{6C73BE22-72E3-4426-A9DA-E7A101B64FBB}.Debug|Any CPU.ActiveCfg = Debug|Any CPU
		{6C73BE22-72E3-4426-A9DA-E7A101B64FBB}.Debug|Any CPU.Build.0 = Debug|Any CPU
		{6C73BE22-72E3-4426-A9DA-E7A101B64FBB}.Release|Any CPU.ActiveCfg = Release|Any CPU
		{6C73BE22-72E3-4426-A9DA-E7A101B64FBB}.Release|Any CPU.Build.0 = Release|Any CPU
	EndGlobalSection
	GlobalSection(SolutionProperties) = preSolution
		HideSolutionNode = FALSE
	EndGlobalSection
	GlobalSection(NestedProjects) = preSolution
		{6C73BE22-72E3-4426-A9DA-E7A101B64FBB} = {E95D23B8-0090-4021-B56D-014C879E2FFE}
	EndGlobalSection
EndGlobal
